
Microsoft Visual Studio Solution File, Format Version 12.00
# Visual Studio Version 17
VisualStudioVersion = 17.9.34902.65
MinimumVisualStudioVersion = 10.0.40219.1
Project("{FAE04EC0-301F-11D3-BF4B-00C04F79EFBC}") = "HackerWebAPI", "HackerWebAPI\HackerWebAPI.csproj", "{DA6A5FC3-F5D8-465E-A372-412436D41ABD}"
EndProject
Global
	GlobalSection(SolutionConfigurationPlatforms) = preSolution
		Debug|Any CPU = Debug|Any CPU
		Release|Any CPU = Release|Any CPU
	EndGlobalSection
	GlobalSection(ProjectConfigurationPlatforms) = postSolution
		{DA6A5FC3-F5D8-465E-A372-412436D41ABD}.Debug|Any CPU.ActiveCfg = Debug|Any CPU
		{DA6A5FC3-F5D8-465E-A372-412436D41ABD}.Debug|Any CPU.Build.0 = Debug|Any CPU
		{DA6A5FC3-F5D8-465E-A372-412436D41ABD}.Release|Any CPU.ActiveCfg = Release|Any CPU
		{DA6A5FC3-F5D8-465E-A372-412436D41ABD}.Release|Any CPU.Build.0 = Release|Any CPU
	EndGlobalSection
	GlobalSection(SolutionProperties) = preSolution
		HideSolutionNode = FALSE
	EndGlobalSection
	GlobalSection(ExtensibilityGlobals) = postSolution
		SolutionGuid = {045D1D42-C507-472F-985C-9EA757F24D33}
	EndGlobalSection
EndGlobal
